
Microsoft Visual Studio Solution File, Format Version 12.00
# Visual Studio Version 16
VisualStudioVersion = 16.0.29613.14
MinimumVisualStudioVersion = 10.0.40219.1
Project("{FAE04EC0-301F-11D3-BF4B-00C04F79EFBC}") = "RestaurantBillCalculator", "RestaurantBillCalculator\RestaurantBillCalculator.csproj", "{994D41BC-24EF-49CC-AB86-3990575A0EA9}"
EndProject
Global
	GlobalSection(SolutionConfigurationPlatforms) = preSolution
		Debug|Any CPU = Debug|Any CPU
		Release|Any CPU = Release|Any CPU
	EndGlobalSection
	GlobalSection(ProjectConfigurationPlatforms) = postSolution
		{994D41BC-24EF-49CC-AB86-3990575A0EA9}.Debug|Any CPU.ActiveCfg = Debug|Any CPU
		{994D41BC-24EF-49CC-AB86-3990575A0EA9}.Debug|Any CPU.Build.0 = Debug|Any CPU
		{994D41BC-24EF-49CC-AB86-3990575A0EA9}.Release|Any CPU.ActiveCfg = Release|Any CPU
		{994D41BC-24EF-49CC-AB86-3990575A0EA9}.Release|Any CPU.Build.0 = Release|Any CPU
	EndGlobalSection
	GlobalSection(SolutionProperties) = preSolution
		HideSolutionNode = FALSE
	EndGlobalSection
	GlobalSection(ExtensibilityGlobals) = postSolution
		SolutionGuid = {45F2962E-4959-4408-AF41-493B2E6DBD95}
	EndGlobalSection
EndGlobal
